
Microsoft Visual Studio Solution File, Format Version 12.00
# Visual Studio 15
VisualStudioVersion = 15.0.26730.12
MinimumVisualStudioVersion = 10.0.40219.1
Project("{FAE04EC0-301F-11D3-BF4B-00C04F79EFBC}") = "SeleniumTests", "SeleniumTests\SeleniumTests.csproj", "{8BE73305-04B8-40D8-B872-D69E03226352}"
EndProject
Project("{FAE04EC0-301F-11D3-BF4B-00C04F79EFBC}") = "Runner", "Runner\Runner.csproj", "{F3127B06-706E-44AA-80DD-75D7CA083872}"
EndProject
Global
	GlobalSection(SolutionConfigurationPlatforms) = preSolution
		Debug|Any CPU = Debug|Any CPU
		Release|Any CPU = Release|Any CPU
	EndGlobalSection
	GlobalSection(ProjectConfigurationPlatforms) = postSolution
		{8BE73305-04B8-40D8-B872-D69E03226352}.Debug|Any CPU.ActiveCfg = Debug|Any CPU
		{8BE73305-04B8-40D8-B872-D69E03226352}.Debug|Any CPU.Build.0 = Debug|Any CPU
		{8BE73305-04B8-40D8-B872-D69E03226352}.Release|Any CPU.ActiveCfg = Release|Any CPU
		{8BE73305-04B8-40D8-B872-D69E03226352}.Release|Any CPU.Build.0 = Release|Any CPU
		{F3127B06-706E-44AA-80DD-75D7CA083872}.Debug|Any CPU.ActiveCfg = Debug|Any CPU
		{F3127B06-706E-44AA-80DD-75D7CA083872}.Debug|Any CPU.Build.0 = Debug|Any CPU
		{F3127B06-706E-44AA-80DD-75D7CA083872}.Release|Any CPU.ActiveCfg = Release|Any CPU
		{F3127B06-706E-44AA-80DD-75D7CA083872}.Release|Any CPU.Build.0 = Release|Any CPU
	EndGlobalSection
	GlobalSection(SolutionProperties) = preSolution
		HideSolutionNode = FALSE
	EndGlobalSection
	GlobalSection(ExtensibilityGlobals) = postSolution
		SolutionGuid = {EC3C14AB-FC0B-4999-8679-47785FB51D94}
	EndGlobalSection
EndGlobal
